PODS:
  - Alamofire (4.9.1)
  - CommonPackage (0.0.1):
    - Kingfisher
  - iOSSnapshotTestCase (5.0.2):
    - iOSSnapshotTestCase/SwiftSupport (= 5.0.2)
  - iOSSnapshotTestCase/Core (5.0.2)
  - iOSSnapshotTestCase/SwiftSupport (5.0.2):
    - iOSSnapshotTestCase/Core
  - Kingfisher (4.10.1)
  - NetworkPackage (0.0.1):
    - Alamofire (= 4.9.1)
  - RxCocoa (5.1.1):
    - RxRelay (~> 5)
    - RxSwift (~> 5)
  - RxRelay (5.1.1):
    - RxSwift (~> 5)
  - RxSwift (5.1.1)
  - SwiftLint (0.42.0)
  - Swinject (2.7.1)

DEPENDENCIES:
  - CommonPackage (from `../CommonPackage`)
  - iOSSnapshotTestCase
  - NetworkPackage (from `../NetworkPackage`)
  - RxCocoa
  - RxSwift
  - SwiftLint
  - Swinject

SPEC REPOS:
  trunk:
    - Alamofire
    - iOSSnapshotTestCase
    - Kingfisher
    - RxCocoa
    - RxRelay
    - RxSwift
    - SwiftLint
    - Swinject

EXTERNAL SOURCES:
  CommonPackage:
    :path: "../CommonPackage"
  NetworkPackage:
    :path: "../NetworkPackage"

SPEC CHECKSUMS:
  Alamofire: 85e8a02c69d6020a0d734f6054870d7ecb75cf18
  CommonPackage: 703dd7f7ff7051594384c47d0b25b0c33a986a7b
  iOSSnapshotTestCase: 2d51aa06775e95cecb0a1fb9c5c159ccd1dd4596
  Kingfisher: c148cd7b47ebde9989f6bc7c27dcaa79d81279a0
  NetworkPackage: 29a664219d087f8a8717600d7a0051513c82facf
  RxCocoa: 32065309a38d29b5b0db858819b5bf9ef038b601
  RxRelay: d77f7d771495f43c556cbc43eebd1bb54d01e8e9
  RxSwift: 81470a2074fa8780320ea5fe4102807cb7118178
  SwiftLint: 4fa9579c63416865179bc416f0a92d55f009600d
  Swinject: ddf78b8486dd9b71a667b852cad919ab4484478e

PODFILE CHECKSUM: 471f90ee9a55718742ce54848423df87b6fcf9bb

COCOAPODS: 1.10.0
