PODS:
  - Alamofire (4.9.1)
  - CommonPackage (0.0.1):
    - Kingfisher
  - Kingfisher (4.10.1)
  - NetworkPackage (0.0.1):
    - Alamofire (= 4.9.1)
  - RxCocoa (5.1.1):
    - RxRelay (~> 5)
    - RxSwift (~> 5)
  - RxRelay (5.1.1):
    - RxSwift (~> 5)
  - RxSwift (5.1.1)
  - SwiftLint (0.42.0)

DEPENDENCIES:
  - CommonPackage (from `../CommonPackage`)
  - NetworkPackage (from `../NetworkPackage`)
  - RxCocoa
  - RxSwift
  - SwiftLint

SPEC REPOS:
  trunk:
    - Alamofire
    - Kingfisher
    - RxCocoa
    - RxRelay
    - RxSwift
    - SwiftLint

EXTERNAL SOURCES:
  CommonPackage:
    :path: "../CommonPackage"
  NetworkPackage:
    :path: "../NetworkPackage"

SPEC CHECKSUMS:
  Alamofire: 85e8a02c69d6020a0d734f6054870d7ecb75cf18
  CommonPackage: 703dd7f7ff7051594384c47d0b25b0c33a986a7b
  Kingfisher: c148cd7b47ebde9989f6bc7c27dcaa79d81279a0
  NetworkPackage: 29a664219d087f8a8717600d7a0051513c82facf
  RxCocoa: 32065309a38d29b5b0db858819b5bf9ef038b601
  RxRelay: d77f7d771495f43c556cbc43eebd1bb54d01e8e9
  RxSwift: 81470a2074fa8780320ea5fe4102807cb7118178
  SwiftLint: 4fa9579c63416865179bc416f0a92d55f009600d

PODFILE CHECKSUM: 33ce3701268983dd6bb8bb56835a4e37ddb35613

COCOAPODS: 1.10.0
